
Microsoft Visual Studio Solution File, Format Version 12.00
# Visual Studio Version 16
VisualStudioVersion = 16.0.30523.141
MinimumVisualStudioVersion = 10.0.40219.1
Project("{9A19103F-16F7-4668-BE54-9A1E7A4F7556}") = "BookStore-API", "BookStore-API.csproj", "{E4AA20F2-FBCE-4C6B-B1EE-9C0AEBE3D6DB}"
EndProject
Project("{9A19103F-16F7-4668-BE54-9A1E7A4F7556}") = "BooksStore-UI", "..\BooksStore-UI\BooksStore-UI.csproj", "{3F0721ED-53F4-4AF2-9187-FDD6568B5D43}"
EndProject
Global
	GlobalSection(SolutionConfigurationPlatforms) = preSolution
		Debug|Any CPU = Debug|Any CPU
		Release|Any CPU = Release|Any CPU
	EndGlobalSection
	GlobalSection(ProjectConfigurationPlatforms) = postSolution
		{E4AA20F2-FBCE-4C6B-B1EE-9C0AEBE3D6DB}.Debug|Any CPU.ActiveCfg = Debug|Any CPU
		{E4AA20F2-FBCE-4C6B-B1EE-9C0AEBE3D6DB}.Debug|Any CPU.Build.0 = Debug|Any CPU
		{E4AA20F2-FBCE-4C6B-B1EE-9C0AEBE3D6DB}.Release|Any CPU.ActiveCfg = Release|Any CPU
		{E4AA20F2-FBCE-4C6B-B1EE-9C0AEBE3D6DB}.Release|Any CPU.Build.0 = Release|Any CPU
		{3F0721ED-53F4-4AF2-9187-FDD6568B5D43}.Debug|Any CPU.ActiveCfg = Debug|Any CPU
		{3F0721ED-53F4-4AF2-9187-FDD6568B5D43}.Debug|Any CPU.Build.0 = Debug|Any CPU
		{3F0721ED-53F4-4AF2-9187-FDD6568B5D43}.Release|Any CPU.ActiveCfg = Release|Any CPU
		{3F0721ED-53F4-4AF2-9187-FDD6568B5D43}.Release|Any CPU.Build.0 = Release|Any CPU
	EndGlobalSection
	GlobalSection(SolutionProperties) = preSolution
		HideSolutionNode = FALSE
	EndGlobalSection
	GlobalSection(ExtensibilityGlobals) = postSolution
		SolutionGuid = {04B5423A-0E95-491B-BE78-D1ACBFF7D63C}
	EndGlobalSection
EndGlobal
